
Microsoft Visual Studio Solution File, Format Version 12.00
# Visual Studio Version 17
VisualStudioVersion = 17.6.33723.286
MinimumVisualStudioVersion = 10.0.40219.1
Project("{FAE04EC0-301F-11D3-BF4B-00C04F79EFBC}") = "Uzcard", "Card\Uzcard.csproj", "{69B6EBD8-274B-4E84-BE7E-B486AFBEC92E}"
EndProject
Project("{FAE04EC0-301F-11D3-BF4B-00C04F79EFBC}") = "CardAbstract", "CardAbstract\CardAbstract.csproj", "{511B75E1-E11E-4544-BEB6-56E4463F1248}"
EndProject
Global
	GlobalSection(SolutionConfigurationPlatforms) = preSolution
		Debug|Any CPU = Debug|Any CPU
		Release|Any CPU = Release|Any CPU
	EndGlobalSection
	GlobalSection(ProjectConfigurationPlatforms) = postSolution
		{69B6EBD8-274B-4E84-BE7E-B486AFBEC92E}.Debug|Any CPU.ActiveCfg = Debug|Any CPU
		{69B6EBD8-274B-4E84-BE7E-B486AFBEC92E}.Debug|Any CPU.Build.0 = Debug|Any CPU
		{69B6EBD8-274B-4E84-BE7E-B486AFBEC92E}.Release|Any CPU.ActiveCfg = Release|Any CPU
		{69B6EBD8-274B-4E84-BE7E-B486AFBEC92E}.Release|Any CPU.Build.0 = Release|Any CPU
		{511B75E1-E11E-4544-BEB6-56E4463F1248}.Debug|Any CPU.ActiveCfg = Debug|Any CPU
		{511B75E1-E11E-4544-BEB6-56E4463F1248}.Debug|Any CPU.Build.0 = Debug|Any CPU
		{511B75E1-E11E-4544-BEB6-56E4463F1248}.Release|Any CPU.ActiveCfg = Release|Any CPU
		{511B75E1-E11E-4544-BEB6-56E4463F1248}.Release|Any CPU.Build.0 = Release|Any CPU
	EndGlobalSection
	GlobalSection(SolutionProperties) = preSolution
		HideSolutionNode = FALSE
	EndGlobalSection
	GlobalSection(ExtensibilityGlobals) = postSolution
		SolutionGuid = {07422234-B745-4F5C-9A82-CB22FCD5DD75}
	EndGlobalSection
EndGlobal
